
Microsoft Visual Studio Solution File, Format Version 12.00
# Visual Studio Version 17
VisualStudioVersion = 17.0.31808.319
MinimumVisualStudioVersion = 10.0.40219.1
Project("{9A19103F-16F7-4668-BE54-9A1E7A4F7556}") = "WebApp", "WebApp\WebApp.csproj", "{67EFB346-3CA3-473D-920E-A79E650B5B19}"
EndProject
Project("{2150E333-8FDC-42A3-9474-1A3956D46DE8}") = "Solution Items", "Solution Items", "{34957D42-CB96-4450-AF33-6A691861444C}"
	ProjectSection(SolutionItems) = preProject
		..\README.md = ..\README.md
	EndProjectSection
EndProject
Project("{9A19103F-16F7-4668-BE54-9A1E7A4F7556}") = "FunctionAppNET50", "FunctionAppNET50\FunctionAppNET50.csproj", "{D470714C-33D2-4541-9DB7-D5AFC3022F40}"
EndProject
Project("{9A19103F-16F7-4668-BE54-9A1E7A4F7556}") = "FunctionAppNETCore31", "FunctionAppNETCore31\FunctionAppNETCore31.csproj", "{F4F69FAD-55D4-4BB4-9374-BA3D4F993D53}"
EndProject
Project("{2150E333-8FDC-42A3-9474-1A3956D46DE8}") = "Libs", "Libs", "{3B338A95-0EBC-49D1-9E3A-D793FB928F6B}"
	ProjectSection(SolutionItems) = preProject
		Libs\REAME.md = Libs\REAME.md
	EndProjectSection
EndProject
Project("{9A19103F-16F7-4668-BE54-9A1E7A4F7556}") = "Triple.Extensions.Options", "Libs\Triple.Extensions.Options\Triple.Extensions.Options.csproj", "{66F585E9-EA6D-4BC4-AFFB-3DD5D32A34A0}"
EndProject
Project("{9A19103F-16F7-4668-BE54-9A1E7A4F7556}") = "Triple.DataAnnotations", "Libs\Triple.DataAnnotations\Triple.DataAnnotations.csproj", "{5A2CB20C-4DA7-4A23-BCD3-7840714B1753}"
EndProject
Project("{FAE04EC0-301F-11D3-BF4B-00C04F79EFBC}") = "UnitTestingExample", "UnitTestingWithNUnit&Moq\UnitTestingExample.csproj", "{C610C1A7-247B-475E-8855-8D7FCF332881}"
EndProject
Project("{FAE04EC0-301F-11D3-BF4B-00C04F79EFBC}") = "Triple.KeyVault", "Libs\Triple.KeyVault\Triple.KeyVault.csproj", "{ADF9185D-C353-4D30-9C67-4BC436F59115}"
EndProject
Global
	GlobalSection(SolutionConfigurationPlatforms) = preSolution
		Debug|Any CPU = Debug|Any CPU
		Release|Any CPU = Release|Any CPU
	EndGlobalSection
	GlobalSection(ProjectConfigurationPlatforms) = postSolution
		{67EFB346-3CA3-473D-920E-A79E650B5B19}.Debug|Any CPU.ActiveCfg = Debug|Any CPU
		{67EFB346-3CA3-473D-920E-A79E650B5B19}.Debug|Any CPU.Build.0 = Debug|Any CPU
		{67EFB346-3CA3-473D-920E-A79E650B5B19}.Release|Any CPU.ActiveCfg = Release|Any CPU
		{67EFB346-3CA3-473D-920E-A79E650B5B19}.Release|Any CPU.Build.0 = Release|Any CPU
		{D470714C-33D2-4541-9DB7-D5AFC3022F40}.Debug|Any CPU.ActiveCfg = Debug|Any CPU
		{D470714C-33D2-4541-9DB7-D5AFC3022F40}.Debug|Any CPU.Build.0 = Debug|Any CPU
		{D470714C-33D2-4541-9DB7-D5AFC3022F40}.Release|Any CPU.ActiveCfg = Release|Any CPU
		{D470714C-33D2-4541-9DB7-D5AFC3022F40}.Release|Any CPU.Build.0 = Release|Any CPU
		{F4F69FAD-55D4-4BB4-9374-BA3D4F993D53}.Debug|Any CPU.ActiveCfg = Debug|Any CPU
		{F4F69FAD-55D4-4BB4-9374-BA3D4F993D53}.Debug|Any CPU.Build.0 = Debug|Any CPU
		{F4F69FAD-55D4-4BB4-9374-BA3D4F993D53}.Release|Any CPU.ActiveCfg = Release|Any CPU
		{F4F69FAD-55D4-4BB4-9374-BA3D4F993D53}.Release|Any CPU.Build.0 = Release|Any CPU
		{66F585E9-EA6D-4BC4-AFFB-3DD5D32A34A0}.Debug|Any CPU.ActiveCfg = Debug|Any CPU
		{66F585E9-EA6D-4BC4-AFFB-3DD5D32A34A0}.Debug|Any CPU.Build.0 = Debug|Any CPU
		{66F585E9-EA6D-4BC4-AFFB-3DD5D32A34A0}.Release|Any CPU.ActiveCfg = Release|Any CPU
		{66F585E9-EA6D-4BC4-AFFB-3DD5D32A34A0}.Release|Any CPU.Build.0 = Release|Any CPU
		{5A2CB20C-4DA7-4A23-BCD3-7840714B1753}.Debug|Any CPU.ActiveCfg = Debug|Any CPU
		{5A2CB20C-4DA7-4A23-BCD3-7840714B1753}.Debug|Any CPU.Build.0 = Debug|Any CPU
		{5A2CB20C-4DA7-4A23-BCD3-7840714B1753}.Release|Any CPU.ActiveCfg = Release|Any CPU
		{5A2CB20C-4DA7-4A23-BCD3-7840714B1753}.Release|Any CPU.Build.0 = Release|Any CPU
		{C610C1A7-247B-475E-8855-8D7FCF332881}.Debug|Any CPU.ActiveCfg = Debug|Any CPU
		{C610C1A7-247B-475E-8855-8D7FCF332881}.Debug|Any CPU.Build.0 = Debug|Any CPU
		{C610C1A7-247B-475E-8855-8D7FCF332881}.Release|Any CPU.ActiveCfg = Release|Any CPU
		{C610C1A7-247B-475E-8855-8D7FCF332881}.Release|Any CPU.Build.0 = Release|Any CPU
		{ADF9185D-C353-4D30-9C67-4BC436F59115}.Debug|Any CPU.ActiveCfg = Debug|Any CPU
		{ADF9185D-C353-4D30-9C67-4BC436F59115}.Debug|Any CPU.Build.0 = Debug|Any CPU
		{ADF9185D-C353-4D30-9C67-4BC436F59115}.Release|Any CPU.ActiveCfg = Release|Any CPU
		{ADF9185D-C353-4D30-9C67-4BC436F59115}.Release|Any CPU.Build.0 = Release|Any CPU
	EndGlobalSection
	GlobalSection(SolutionProperties) = preSolution
		HideSolutionNode = FALSE
	EndGlobalSection
	GlobalSection(NestedProjects) = preSolution
		{66F585E9-EA6D-4BC4-AFFB-3DD5D32A34A0} = {3B338A95-0EBC-49D1-9E3A-D793FB928F6B}
		{5A2CB20C-4DA7-4A23-BCD3-7840714B1753} = {3B338A95-0EBC-49D1-9E3A-D793FB928F6B}
		{ADF9185D-C353-4D30-9C67-4BC436F59115} = {3B338A95-0EBC-49D1-9E3A-D793FB928F6B}
	EndGlobalSection
	GlobalSection(ExtensibilityGlobals) = postSolution
		SolutionGuid = {C5486E77-E6A0-4398-9683-B4BF44008D49}
	EndGlobalSection
EndGlobal
